
Microsoft Visual Studio Solution File, Format Version 12.00
# Visual Studio Version 17
VisualStudioVersion = 17.4.33122.133
MinimumVisualStudioVersion = 10.0.40219.1
Project("{FAE04EC0-301F-11D3-BF4B-00C04F79EFBC}") = "Test", "Test\Test.csproj", "{B2FDD812-1804-4125-B7DA-92647842BC84}"
EndProject
Global
	GlobalSection(SolutionConfigurationPlatforms) = preSolution
		Debug|Any CPU = Debug|Any CPU
		Release|Any CPU = Release|Any CPU
	EndGlobalSection
	GlobalSection(ProjectConfigurationPlatforms) = postSolution
		{B2FDD812-1804-4125-B7DA-92647842BC84}.Debug|Any CPU.ActiveCfg = Debug|Any CPU
		{B2FDD812-1804-4125-B7DA-92647842BC84}.Debug|Any CPU.Build.0 = Debug|Any CPU
		{B2FDD812-1804-4125-B7DA-92647842BC84}.Release|Any CPU.ActiveCfg = Release|Any CPU
		{B2FDD812-1804-4125-B7DA-92647842BC84}.Release|Any CPU.Build.0 = Release|Any CPU
	EndGlobalSection
	GlobalSection(SolutionProperties) = preSolution
		HideSolutionNode = FALSE
	EndGlobalSection
	GlobalSection(ExtensibilityGlobals) = postSolution
		SolutionGuid = {5405AA76-A6D9-427D-9F2C-087ABA7015E8}
	EndGlobalSection
EndGlobal
